
Microsoft Visual Studio Solution File, Format Version 12.00
# Visual Studio 14
VisualStudioVersion = 14.0.25420.1
MinimumVisualStudioVersion = 10.0.40219.1
Project("{FAE04EC0-301F-11D3-BF4B-00C04F79EFBC}") = "DataVaultBoK", "DataVaultBoK\DataVaultBoK.csproj", "{422C223E-16F3-4633-A9AD-16090BFE38BB}"
EndProject
Project("{FAE04EC0-301F-11D3-BF4B-00C04F79EFBC}") = "DataVaultBoK.Tests", "DataVaultBoK.Tests\DataVaultBoK.Tests.csproj", "{3C74AC5E-9C70-46B8-B455-9AA11744D3E9}"
EndProject
Global
	GlobalSection(SolutionConfigurationPlatforms) = preSolution
		Debug|Any CPU = Debug|Any CPU
		Release|Any CPU = Release|Any CPU
	EndGlobalSection
	GlobalSection(ProjectConfigurationPlatforms) = postSolution
		{422C223E-16F3-4633-A9AD-16090BFE38BB}.Debug|Any CPU.ActiveCfg = Debug|Any CPU
		{422C223E-16F3-4633-A9AD-16090BFE38BB}.Debug|Any CPU.Build.0 = Debug|Any CPU
		{422C223E-16F3-4633-A9AD-16090BFE38BB}.Release|Any CPU.ActiveCfg = Release|Any CPU
		{422C223E-16F3-4633-A9AD-16090BFE38BB}.Release|Any CPU.Build.0 = Release|Any CPU
		{3C74AC5E-9C70-46B8-B455-9AA11744D3E9}.Debug|Any CPU.ActiveCfg = Debug|Any CPU
		{3C74AC5E-9C70-46B8-B455-9AA11744D3E9}.Debug|Any CPU.Build.0 = Debug|Any CPU
		{3C74AC5E-9C70-46B8-B455-9AA11744D3E9}.Release|Any CPU.ActiveCfg = Release|Any CPU
		{3C74AC5E-9C70-46B8-B455-9AA11744D3E9}.Release|Any CPU.Build.0 = Release|Any CPU
	EndGlobalSection
	GlobalSection(SolutionProperties) = preSolution
		HideSolutionNode = FALSE
	EndGlobalSection
EndGlobal
